
Microsoft Visual Studio Solution File, Format Version 12.00
# Visual Studio Version 17
VisualStudioVersion = 17.1.32228.430
MinimumVisualStudioVersion = 10.0.40219.1
Project("{2150E333-8FDC-42A3-9474-1A3956D46DE8}") = "UserService", "UserService", "{3BDFB330-316D-4D89-9946-9EE685A8C4C4}"
EndProject
Project("{2150E333-8FDC-42A3-9474-1A3956D46DE8}") = "UserProfileService", "UserProfileService", "{226DED20-5AE8-4500-B9A5-807042CFA426}"
EndProject
Project("{FAE04EC0-301F-11D3-BF4B-00C04F79EFBC}") = "UserProfileService", "UserProfileService\UserProfileService\UserProfileService.csproj", "{0D810EE9-6A6A-4751-93A4-0A66E5B8F6F8}"
EndProject
Project("{FAE04EC0-301F-11D3-BF4B-00C04F79EFBC}") = "UserProfileService.Core", "UserProfileService\UserProfileService.Core\UserProfileService.Core.csproj", "{33D40F9A-6316-4531-9C30-14B90960187B}"
EndProject
Project("{FAE04EC0-301F-11D3-BF4B-00C04F79EFBC}") = "UserProfileService.DAL", "UserProfileService\UserProfileService.DAL\UserProfileService.DAL.csproj", "{E7314B40-9017-40EA-BC83-23A0FF5CCC3E}"
EndProject
Project("{FAE04EC0-301F-11D3-BF4B-00C04F79EFBC}") = "UserService.Core", "User_Profile\UserService.Core\UserService.Core.csproj", "{D41E9150-D99B-49CA-80FA-11E160383412}"
EndProject
Project("{FAE04EC0-301F-11D3-BF4B-00C04F79EFBC}") = "UserService", "User_Profile\UserService\UserService.csproj", "{C257E334-9A35-4D35-AE82-955EF72C44E1}"
EndProject
Project("{FAE04EC0-301F-11D3-BF4B-00C04F79EFBC}") = "UserService.DAL", "User_Profile\UserService.DAL\UserService.DAL.csproj", "{93B0DDAE-C430-4B88-852E-2D75FD0425F5}"
EndProject
Project("{2150E333-8FDC-42A3-9474-1A3956D46DE8}") = "KweetService", "KweetService", "{1DD113D3-60A9-44B3-91B5-86048306C233}"
EndProject
Project("{2150E333-8FDC-42A3-9474-1A3956D46DE8}") = "API Gateway", "API Gateway", "{DC26EF99-45F1-430A-ACB2-89F6BBA9D0DA}"
EndProject
Project("{FAE04EC0-301F-11D3-BF4B-00C04F79EFBC}") = "API Gateway", "API Gateway\API Gateway\API Gateway.csproj", "{C77E38E5-5B4A-4A54-944A-2A9E555F10DF}"
EndProject
Project("{FAE04EC0-301F-11D3-BF4B-00C04F79EFBC}") = "GatewayAuth", "API Gateway\GatewayAuth\GatewayAuth.csproj", "{C11B0DE5-428A-4431-9712-1146DFD55A85}"
EndProject
Project("{2150E333-8FDC-42A3-9474-1A3956D46DE8}") = "RegisterOrchestration", "RegisterOrchestration", "{89C69A0D-ED16-4480-9027-D44096EAD01A}"
EndProject
Project("{FAE04EC0-301F-11D3-BF4B-00C04F79EFBC}") = "RegisterOrchService.Core", "RegisterOrchestration\RegisterOrchService.Core\RegisterOrchService.Core.csproj", "{4D79710C-3520-4CA1-B79E-B6F8C7A828A3}"
EndProject
Project("{FAE04EC0-301F-11D3-BF4B-00C04F79EFBC}") = "RegisterOrchService", "RegisterOrchestration\RegisterOrchService\RegisterOrchService.csproj", "{0AB2D0B0-5E49-42CC-926E-95A98F6A467B}"
EndProject
Project("{2150E333-8FDC-42A3-9474-1A3956D46DE8}") = "Global-Library", "Global-Library", "{8A265EB3-B1F0-4F24-87EC-49C42B242C44}"
EndProject
Project("{FAE04EC0-301F-11D3-BF4B-00C04F79EFBC}") = "Messaging", "Messaging\Messaging.csproj", "{03C316CE-A3CF-409F-85C5-83F792520F22}"
EndProject
Project("{FAE04EC0-301F-11D3-BF4B-00C04F79EFBC}") = "KweetService", "KweetService\KweetService\KweetService\KweetService.csproj", "{3CBD61AB-F683-482A-BD5F-EA7FF249A68E}"
EndProject
Project("{FAE04EC0-301F-11D3-BF4B-00C04F79EFBC}") = "KweetService.Core", "KweetService\KweetService.Core\KweetService.Core.csproj", "{9538558B-91E7-4608-8738-5A166603DDFE}"
EndProject
Project("{FAE04EC0-301F-11D3-BF4B-00C04F79EFBC}") = "KweetService.DAL", "KweetService\KweetService.DAL\KweetService.DAL.csproj", "{39C6A8BF-DF04-463A-86ED-59D778B26B0D}"
EndProject
Project("{FAE04EC0-301F-11D3-BF4B-00C04F79EFBC}") = "UserServiceTest", "UserServiceTest\UserServiceTest.csproj", "{54E918F4-A3C0-4D84-A7E8-446443ADB8DD}"
EndProject
Project("{FAE04EC0-301F-11D3-BF4B-00C04F79EFBC}") = "MessagingTests", "MessagingTests\MessagingTests.csproj", "{D8E43EB0-1AEC-4E75-94E0-81F5A0FB16ED}"
EndProject
Global
	GlobalSection(SolutionConfigurationPlatforms) = preSolution
		Debug|Any CPU = Debug|Any CPU
		Release|Any CPU = Release|Any CPU
	EndGlobalSection
	GlobalSection(ProjectConfigurationPlatforms) = postSolution
		{0D810EE9-6A6A-4751-93A4-0A66E5B8F6F8}.Debug|Any CPU.ActiveCfg = Debug|Any CPU
		{0D810EE9-6A6A-4751-93A4-0A66E5B8F6F8}.Debug|Any CPU.Build.0 = Debug|Any CPU
		{0D810EE9-6A6A-4751-93A4-0A66E5B8F6F8}.Release|Any CPU.ActiveCfg = Release|Any CPU
		{0D810EE9-6A6A-4751-93A4-0A66E5B8F6F8}.Release|Any CPU.Build.0 = Release|Any CPU
		{33D40F9A-6316-4531-9C30-14B90960187B}.Debug|Any CPU.ActiveCfg = Debug|Any CPU
		{33D40F9A-6316-4531-9C30-14B90960187B}.Debug|Any CPU.Build.0 = Debug|Any CPU
		{33D40F9A-6316-4531-9C30-14B90960187B}.Release|Any CPU.ActiveCfg = Release|Any CPU
		{33D40F9A-6316-4531-9C30-14B90960187B}.Release|Any CPU.Build.0 = Release|Any CPU
		{E7314B40-9017-40EA-BC83-23A0FF5CCC3E}.Debug|Any CPU.ActiveCfg = Debug|Any CPU
		{E7314B40-9017-40EA-BC83-23A0FF5CCC3E}.Debug|Any CPU.Build.0 = Debug|Any CPU
		{E7314B40-9017-40EA-BC83-23A0FF5CCC3E}.Release|Any CPU.ActiveCfg = Release|Any CPU
		{E7314B40-9017-40EA-BC83-23A0FF5CCC3E}.Release|Any CPU.Build.0 = Release|Any CPU
		{D41E9150-D99B-49CA-80FA-11E160383412}.Debug|Any CPU.ActiveCfg = Debug|Any CPU
		{D41E9150-D99B-49CA-80FA-11E160383412}.Debug|Any CPU.Build.0 = Debug|Any CPU
		{D41E9150-D99B-49CA-80FA-11E160383412}.Release|Any CPU.ActiveCfg = Release|Any CPU
		{D41E9150-D99B-49CA-80FA-11E160383412}.Release|Any CPU.Build.0 = Release|Any CPU
		{C257E334-9A35-4D35-AE82-955EF72C44E1}.Debug|Any CPU.ActiveCfg = Debug|Any CPU
		{C257E334-9A35-4D35-AE82-955EF72C44E1}.Debug|Any CPU.Build.0 = Debug|Any CPU
		{C257E334-9A35-4D35-AE82-955EF72C44E1}.Release|Any CPU.ActiveCfg = Release|Any CPU
		{C257E334-9A35-4D35-AE82-955EF72C44E1}.Release|Any CPU.Build.0 = Release|Any CPU
		{93B0DDAE-C430-4B88-852E-2D75FD0425F5}.Debug|Any CPU.ActiveCfg = Debug|Any CPU
		{93B0DDAE-C430-4B88-852E-2D75FD0425F5}.Debug|Any CPU.Build.0 = Debug|Any CPU
		{93B0DDAE-C430-4B88-852E-2D75FD0425F5}.Release|Any CPU.ActiveCfg = Release|Any CPU
		{93B0DDAE-C430-4B88-852E-2D75FD0425F5}.Release|Any CPU.Build.0 = Release|Any CPU
		{C77E38E5-5B4A-4A54-944A-2A9E555F10DF}.Debug|Any CPU.ActiveCfg = Debug|Any CPU
		{C77E38E5-5B4A-4A54-944A-2A9E555F10DF}.Debug|Any CPU.Build.0 = Debug|Any CPU
		{C77E38E5-5B4A-4A54-944A-2A9E555F10DF}.Release|Any CPU.ActiveCfg = Release|Any CPU
		{C77E38E5-5B4A-4A54-944A-2A9E555F10DF}.Release|Any CPU.Build.0 = Release|Any CPU
		{C11B0DE5-428A-4431-9712-1146DFD55A85}.Debug|Any CPU.ActiveCfg = Debug|Any CPU
		{C11B0DE5-428A-4431-9712-1146DFD55A85}.Debug|Any CPU.Build.0 = Debug|Any CPU
		{C11B0DE5-428A-4431-9712-1146DFD55A85}.Release|Any CPU.ActiveCfg = Release|Any CPU
		{C11B0DE5-428A-4431-9712-1146DFD55A85}.Release|Any CPU.Build.0 = Release|Any CPU
		{4D79710C-3520-4CA1-B79E-B6F8C7A828A3}.Debug|Any CPU.ActiveCfg = Debug|Any CPU
		{4D79710C-3520-4CA1-B79E-B6F8C7A828A3}.Debug|Any CPU.Build.0 = Debug|Any CPU
		{4D79710C-3520-4CA1-B79E-B6F8C7A828A3}.Release|Any CPU.ActiveCfg = Release|Any CPU
		{4D79710C-3520-4CA1-B79E-B6F8C7A828A3}.Release|Any CPU.Build.0 = Release|Any CPU
		{0AB2D0B0-5E49-42CC-926E-95A98F6A467B}.Debug|Any CPU.ActiveCfg = Debug|Any CPU
		{0AB2D0B0-5E49-42CC-926E-95A98F6A467B}.Debug|Any CPU.Build.0 = Debug|Any CPU
		{0AB2D0B0-5E49-42CC-926E-95A98F6A467B}.Release|Any CPU.ActiveCfg = Release|Any CPU
		{0AB2D0B0-5E49-42CC-926E-95A98F6A467B}.Release|Any CPU.Build.0 = Release|Any CPU
		{03C316CE-A3CF-409F-85C5-83F792520F22}.Debug|Any CPU.ActiveCfg = Debug|Any CPU
		{03C316CE-A3CF-409F-85C5-83F792520F22}.Debug|Any CPU.Build.0 = Debug|Any CPU
		{03C316CE-A3CF-409F-85C5-83F792520F22}.Release|Any CPU.ActiveCfg = Release|Any CPU
		{03C316CE-A3CF-409F-85C5-83F792520F22}.Release|Any CPU.Build.0 = Release|Any CPU
		{3CBD61AB-F683-482A-BD5F-EA7FF249A68E}.Debug|Any CPU.ActiveCfg = Debug|Any CPU
		{3CBD61AB-F683-482A-BD5F-EA7FF249A68E}.Debug|Any CPU.Build.0 = Debug|Any CPU
		{3CBD61AB-F683-482A-BD5F-EA7FF249A68E}.Release|Any CPU.ActiveCfg = Release|Any CPU
		{3CBD61AB-F683-482A-BD5F-EA7FF249A68E}.Release|Any CPU.Build.0 = Release|Any CPU
		{9538558B-91E7-4608-8738-5A166603DDFE}.Debug|Any CPU.ActiveCfg = Debug|Any CPU
		{9538558B-91E7-4608-8738-5A166603DDFE}.Debug|Any CPU.Build.0 = Debug|Any CPU
		{9538558B-91E7-4608-8738-5A166603DDFE}.Release|Any CPU.ActiveCfg = Release|Any CPU
		{9538558B-91E7-4608-8738-5A166603DDFE}.Release|Any CPU.Build.0 = Release|Any CPU
		{39C6A8BF-DF04-463A-86ED-59D778B26B0D}.Debug|Any CPU.ActiveCfg = Debug|Any CPU
		{39C6A8BF-DF04-463A-86ED-59D778B26B0D}.Debug|Any CPU.Build.0 = Debug|Any CPU
		{39C6A8BF-DF04-463A-86ED-59D778B26B0D}.Release|Any CPU.ActiveCfg = Release|Any CPU
		{39C6A8BF-DF04-463A-86ED-59D778B26B0D}.Release|Any CPU.Build.0 = Release|Any CPU
		{54E918F4-A3C0-4D84-A7E8-446443ADB8DD}.Debug|Any CPU.ActiveCfg = Debug|Any CPU
		{54E918F4-A3C0-4D84-A7E8-446443ADB8DD}.Debug|Any CPU.Build.0 = Debug|Any CPU
		{54E918F4-A3C0-4D84-A7E8-446443ADB8DD}.Release|Any CPU.ActiveCfg = Release|Any CPU
		{54E918F4-A3C0-4D84-A7E8-446443ADB8DD}.Release|Any CPU.Build.0 = Release|Any CPU
		{D8E43EB0-1AEC-4E75-94E0-81F5A0FB16ED}.Debug|Any CPU.ActiveCfg = Debug|Any CPU
		{D8E43EB0-1AEC-4E75-94E0-81F5A0FB16ED}.Debug|Any CPU.Build.0 = Debug|Any CPU
		{D8E43EB0-1AEC-4E75-94E0-81F5A0FB16ED}.Release|Any CPU.ActiveCfg = Release|Any CPU
		{D8E43EB0-1AEC-4E75-94E0-81F5A0FB16ED}.Release|Any CPU.Build.0 = Release|Any CPU
	EndGlobalSection
	GlobalSection(SolutionProperties) = preSolution
		HideSolutionNode = FALSE
	EndGlobalSection
	GlobalSection(ExtensibilityGlobals) = postSolution
		SolutionGuid = {03B7D83E-F07E-4A3A-9ACC-7BDFFB808DC3}
	EndGlobalSection
	GlobalSection(NestedProjects) = preSolution
		{0D810EE9-6A6A-4751-93A4-0A66E5B8F6F8} = {226DED20-5AE8-4500-B9A5-807042CFA426}
		{33D40F9A-6316-4531-9C30-14B90960187B} = {226DED20-5AE8-4500-B9A5-807042CFA426}
		{E7314B40-9017-40EA-BC83-23A0FF5CCC3E} = {226DED20-5AE8-4500-B9A5-807042CFA426}
		{D41E9150-D99B-49CA-80FA-11E160383412} = {3BDFB330-316D-4D89-9946-9EE685A8C4C4}
		{C257E334-9A35-4D35-AE82-955EF72C44E1} = {3BDFB330-316D-4D89-9946-9EE685A8C4C4}
		{93B0DDAE-C430-4B88-852E-2D75FD0425F5} = {3BDFB330-316D-4D89-9946-9EE685A8C4C4}
		{C77E38E5-5B4A-4A54-944A-2A9E555F10DF} = {DC26EF99-45F1-430A-ACB2-89F6BBA9D0DA}
		{C11B0DE5-428A-4431-9712-1146DFD55A85} = {DC26EF99-45F1-430A-ACB2-89F6BBA9D0DA}
		{4D79710C-3520-4CA1-B79E-B6F8C7A828A3} = {89C69A0D-ED16-4480-9027-D44096EAD01A}
		{0AB2D0B0-5E49-42CC-926E-95A98F6A467B} = {89C69A0D-ED16-4480-9027-D44096EAD01A}
		{03C316CE-A3CF-409F-85C5-83F792520F22} = {8A265EB3-B1F0-4F24-87EC-49C42B242C44}
		{3CBD61AB-F683-482A-BD5F-EA7FF249A68E} = {1DD113D3-60A9-44B3-91B5-86048306C233}
		{9538558B-91E7-4608-8738-5A166603DDFE} = {1DD113D3-60A9-44B3-91B5-86048306C233}
		{39C6A8BF-DF04-463A-86ED-59D778B26B0D} = {1DD113D3-60A9-44B3-91B5-86048306C233}
		{D8E43EB0-1AEC-4E75-94E0-81F5A0FB16ED} = {8A265EB3-B1F0-4F24-87EC-49C42B242C44}
	EndGlobalSection
EndGlobal
